
Microsoft Visual Studio Solution File, Format Version 12.00
# Visual Studio Version 17
VisualStudioVersion = 17.1.32210.238
MinimumVisualStudioVersion = 10.0.40219.1
Project("{9A19103F-16F7-4668-BE54-9A1E7A4F7556}") = "Linked_List", "Linked_List\Linked_List.csproj", "{86E17B89-E90A-4CC8-BF0E-356FCB9A45EF}"
EndProject
Global
	GlobalSection(SolutionConfigurationPlatforms) = preSolution
		Debug|Any CPU = Debug|Any CPU
		Release|Any CPU = Release|Any CPU
	EndGlobalSection
	GlobalSection(ProjectConfigurationPlatforms) = postSolution
		{86E17B89-E90A-4CC8-BF0E-356FCB9A45EF}.Debug|Any CPU.ActiveCfg = Debug|Any CPU
		{86E17B89-E90A-4CC8-BF0E-356FCB9A45EF}.Debug|Any CPU.Build.0 = Debug|Any CPU
		{86E17B89-E90A-4CC8-BF0E-356FCB9A45EF}.Release|Any CPU.ActiveCfg = Release|Any CPU
		{86E17B89-E90A-4CC8-BF0E-356FCB9A45EF}.Release|Any CPU.Build.0 = Release|Any CPU
	EndGlobalSection
	GlobalSection(SolutionProperties) = preSolution
		HideSolutionNode = FALSE
	EndGlobalSection
	GlobalSection(ExtensibilityGlobals) = postSolution
		SolutionGuid = {5B718F56-49F9-4782-95D0-B75110E23932}
	EndGlobalSection
EndGlobal
